
Microsoft Visual Studio Solution File, Format Version 12.00
# Visual Studio Version 17
VisualStudioVersion = 17.3.32901.215
MinimumVisualStudioVersion = 10.0.40219.1
Project("{9A19103F-16F7-4668-BE54-9A1E7A4F7556}") = "ContactManager", "ContactManager.csproj", "{97DAEFB6-6EC7-46FC-BAC5-E35872E304DA}"
EndProject
Global
	GlobalSection(SolutionConfigurationPlatforms) = preSolution
		Debug|Any CPU = Debug|Any CPU
		Release|Any CPU = Release|Any CPU
	EndGlobalSection
	GlobalSection(ProjectConfigurationPlatforms) = postSolution
		{97DAEFB6-6EC7-46FC-BAC5-E35872E304DA}.Debug|Any CPU.ActiveCfg = Debug|Any CPU
		{97DAEFB6-6EC7-46FC-BAC5-E35872E304DA}.Debug|Any CPU.Build.0 = Debug|Any CPU
		{97DAEFB6-6EC7-46FC-BAC5-E35872E304DA}.Release|Any CPU.ActiveCfg = Release|Any CPU
		{97DAEFB6-6EC7-46FC-BAC5-E35872E304DA}.Release|Any CPU.Build.0 = Release|Any CPU
	EndGlobalSection
	GlobalSection(SolutionProperties) = preSolution
		HideSolutionNode = FALSE
	EndGlobalSection
	GlobalSection(ExtensibilityGlobals) = postSolution
		SolutionGuid = {1B6B6F1A-5B3E-4CE4-B15B-0D70725C3859}
	EndGlobalSection
EndGlobal
